{
  "nodes": {
    "arduino-cli-nixpkgs": {
      "locked": {
        "lastModified": 1754248685,
        "narHash": "sha256-IUGNakaPUF8JOBZlO8ISQzIC4ZSpowzZgcCw9Co8eqk=",
        "owner": "NixOS",
        "repo": "nixpkgs",
        "rev": "bf9fa86a9b1005d932f842edf2c38eeecc98eef3",
        "type": "github"
      },
      "original": {
        "owner": "NixOS",
        "repo": "nixpkgs",
        "rev": "bf9fa86a9b1005d932f842edf2c38eeecc98eef3",
        "type": "github"
      }
    },
    "flake-utils": {
      "inputs": {
        "systems": "systems"
      },
      "locked": {
        "lastModified": 1731533236,
        "narHash": "sha256-l0KFg5HjrsfsO/JpG+r7fRrqm12kzFHyUHqHCVpMMbI=",
        "owner": "numtide",
        "repo": "flake-utils",
        "rev": "11707dc2f618dd54ca8739b309ec4fc024de578b",
        "type": "github"
      },
      "original": {
        "owner": "numtide",
        "repo": "flake-utils",
        "type": "github"
      }
    },
    "python-nixpkgs": {
      "locked": {
        "lastModified": 1696325386,
        "narHash": "sha256-ogs73SJAIePd7bljq1i1vKEOPn23Xe8aumMJKZjV45c=",
        "owner": "NixOS",
        "repo": "nixpkgs",
        "rev": "e2b8feae8470705c3f331901ae057da3095cea10",
        "type": "github"
      },
      "original": {
        "owner": "NixOS",
        "repo": "nixpkgs",
        "rev": "e2b8feae8470705c3f331901ae057da3095cea10",
        "type": "github"
      }
    },
    "root": {
      "inputs": {
        "arduino-cli-nixpkgs": "arduino-cli-nixpkgs",
        "flake-utils": "flake-utils",
        "python-nixpkgs": "python-nixpkgs"
      }
    },
    "systems": {
      "locked": {
        "lastModified": 1681028828,
        "narHash": "sha256-Vy1rq5AaRuLzOxct8nz4T6wlgyUR7zLU309k9mBC768=",
        "owner": "nix-systems",
        "repo": "default",
        "rev": "da67096a3b9bf56a91d16901293e51ba5b49a27e",
        "type": "github"
      },
      "original": {
        "owner": "nix-systems",
        "repo": "default",
        "type": "github"
      }
    }
  },
  "root": "root",
  "version": 7
}
